
Microsoft Visual Studio Solution File, Format Version 12.00
# Visual Studio Version 16
VisualStudioVersion = 16.0.30320.27
MinimumVisualStudioVersion = 10.0.40219.1
Project("{9A19103F-16F7-4668-BE54-9A1E7A4F7556}") = "EternalRegretAPI", "EternalRegretAPI\EternalRegretAPI.csproj", "{4CE8902A-C406-4C64-ADE1-DAD2007D472A}"
EndProject
Project("{9A19103F-16F7-4668-BE54-9A1E7A4F7556}") = "EternalRegretAPI.Tests", "EternalRegretAPI.Tests\EternalRegretAPI.Tests.csproj", "{6E523FC6-4B1B-4C8D-BAE4-A1E9CABA6FB3}"
EndProject
Project("{9A19103F-16F7-4668-BE54-9A1E7A4F7556}") = "EternalRegret.Cosmos", "EternalRegret.Cosmos\EternalRegret.Cosmos.csproj", "{B1E46706-B8F6-40A5-9834-73F9845380B3}"
EndProject
Project("{9A19103F-16F7-4668-BE54-9A1E7A4F7556}") = "EternalRegret.Crawler", "EternalRegret.Crawler\EternalRegret.Crawler.csproj", "{738362B7-4A32-4D62-9FB3-60A70C66B53D}"
EndProject
Project("{9A19103F-16F7-4668-BE54-9A1E7A4F7556}") = "EternalRegret", "EternalRegret\EternalRegret.csproj", "{F5685D14-99CC-434D-91B6-48396F21B2B5}"
EndProject
Project("{D954291E-2A0B-460D-934E-DC6B0785DB48}") = "EternalRegret.Common", "EternalRegret.Common\EternalRegret.Common.shproj", "{CA329833-D4BC-41C5-9539-567431948C1E}"
EndProject
Global
	GlobalSection(SharedMSBuildProjectFiles) = preSolution
		EternalRegret.Common\EternalRegret.Common.projitems*{b1e46706-b8f6-40a5-9834-73f9845380b3}*SharedItemsImports = 5
		EternalRegret.Common\EternalRegret.Common.projitems*{ca329833-d4bc-41c5-9539-567431948c1e}*SharedItemsImports = 13
		EternalRegret.Common\EternalRegret.Common.projitems*{f5685d14-99cc-434d-91b6-48396f21b2b5}*SharedItemsImports = 5
	EndGlobalSection
	GlobalSection(SolutionConfigurationPlatforms) = preSolution
		Debug|Any CPU = Debug|Any CPU
		Release|Any CPU = Release|Any CPU
	EndGlobalSection
	GlobalSection(ProjectConfigurationPlatforms) = postSolution
		{4CE8902A-C406-4C64-ADE1-DAD2007D472A}.Debug|Any CPU.ActiveCfg = Debug|Any CPU
		{4CE8902A-C406-4C64-ADE1-DAD2007D472A}.Debug|Any CPU.Build.0 = Debug|Any CPU
		{4CE8902A-C406-4C64-ADE1-DAD2007D472A}.Release|Any CPU.ActiveCfg = Release|Any CPU
		{4CE8902A-C406-4C64-ADE1-DAD2007D472A}.Release|Any CPU.Build.0 = Release|Any CPU
		{6E523FC6-4B1B-4C8D-BAE4-A1E9CABA6FB3}.Debug|Any CPU.ActiveCfg = Debug|Any CPU
		{6E523FC6-4B1B-4C8D-BAE4-A1E9CABA6FB3}.Debug|Any CPU.Build.0 = Debug|Any CPU
		{6E523FC6-4B1B-4C8D-BAE4-A1E9CABA6FB3}.Release|Any CPU.ActiveCfg = Release|Any CPU
		{6E523FC6-4B1B-4C8D-BAE4-A1E9CABA6FB3}.Release|Any CPU.Build.0 = Release|Any CPU
		{B1E46706-B8F6-40A5-9834-73F9845380B3}.Debug|Any CPU.ActiveCfg = Debug|Any CPU
		{B1E46706-B8F6-40A5-9834-73F9845380B3}.Debug|Any CPU.Build.0 = Debug|Any CPU
		{B1E46706-B8F6-40A5-9834-73F9845380B3}.Release|Any CPU.ActiveCfg = Release|Any CPU
		{B1E46706-B8F6-40A5-9834-73F9845380B3}.Release|Any CPU.Build.0 = Release|Any CPU
		{738362B7-4A32-4D62-9FB3-60A70C66B53D}.Debug|Any CPU.ActiveCfg = Debug|Any CPU
		{738362B7-4A32-4D62-9FB3-60A70C66B53D}.Debug|Any CPU.Build.0 = Debug|Any CPU
		{738362B7-4A32-4D62-9FB3-60A70C66B53D}.Release|Any CPU.ActiveCfg = Release|Any CPU
		{738362B7-4A32-4D62-9FB3-60A70C66B53D}.Release|Any CPU.Build.0 = Release|Any CPU
		{F5685D14-99CC-434D-91B6-48396F21B2B5}.Debug|Any CPU.ActiveCfg = Debug|Any CPU
		{F5685D14-99CC-434D-91B6-48396F21B2B5}.Debug|Any CPU.Build.0 = Debug|Any CPU
		{F5685D14-99CC-434D-91B6-48396F21B2B5}.Release|Any CPU.ActiveCfg = Release|Any CPU
		{F5685D14-99CC-434D-91B6-48396F21B2B5}.Release|Any CPU.Build.0 = Release|Any CPU
	EndGlobalSection
	GlobalSection(SolutionProperties) = preSolution
		HideSolutionNode = FALSE
	EndGlobalSection
	GlobalSection(ExtensibilityGlobals) = postSolution
		SolutionGuid = {A3CF7CBB-6A77-4CD7-91F4-DC5F3A274699}
	EndGlobalSection
EndGlobal
