
Microsoft Visual Studio Solution File, Format Version 12.00
# Visual Studio Version 16
VisualStudioVersion = 16.0.30320.27
MinimumVisualStudioVersion = 10.0.40219.1
Project("{FAE04EC0-301F-11D3-BF4B-00C04F79EFBC}") = "EternalRegretFrontEnd", "EternalRegretFrontEnd\EternalRegretFrontEnd.csproj", "{694EADF8-0E0B-46F8-8FF4-FCB8A167F686}"
EndProject
Project("{9A19103F-16F7-4668-BE54-9A1E7A4F7556}") = "EternalRegretAPI", "EternalRegretAPI\EternalRegretAPI.csproj", "{4CE8902A-C406-4C64-ADE1-DAD2007D472A}"
EndProject
Project("{9A19103F-16F7-4668-BE54-9A1E7A4F7556}") = "EternalRegretAPI.Tests", "EternalRegretAPI.Tests\EternalRegretAPI.Tests.csproj", "{6E523FC6-4B1B-4C8D-BAE4-A1E9CABA6FB3}"
EndProject
Project("{FAE04EC0-301F-11D3-BF4B-00C04F79EFBC}") = "EternalRegret.Cosmos", "EternalRegret.Cosmos\EternalRegret.Cosmos.csproj", "{05207316-B13D-49BB-BB85-2B111A03E5C5}"
EndProject
Global
	GlobalSection(SolutionConfigurationPlatforms) = preSolution
		Debug|Any CPU = Debug|Any CPU
		Release|Any CPU = Release|Any CPU
	EndGlobalSection
	GlobalSection(ProjectConfigurationPlatforms) = postSolution
		{694EADF8-0E0B-46F8-8FF4-FCB8A167F686}.Debug|Any CPU.ActiveCfg = Debug|Any CPU
		{694EADF8-0E0B-46F8-8FF4-FCB8A167F686}.Debug|Any CPU.Build.0 = Debug|Any CPU
		{694EADF8-0E0B-46F8-8FF4-FCB8A167F686}.Release|Any CPU.ActiveCfg = Release|Any CPU
		{694EADF8-0E0B-46F8-8FF4-FCB8A167F686}.Release|Any CPU.Build.0 = Release|Any CPU
		{4CE8902A-C406-4C64-ADE1-DAD2007D472A}.Debug|Any CPU.ActiveCfg = Debug|Any CPU
		{4CE8902A-C406-4C64-ADE1-DAD2007D472A}.Debug|Any CPU.Build.0 = Debug|Any CPU
		{4CE8902A-C406-4C64-ADE1-DAD2007D472A}.Release|Any CPU.ActiveCfg = Release|Any CPU
		{4CE8902A-C406-4C64-ADE1-DAD2007D472A}.Release|Any CPU.Build.0 = Release|Any CPU
		{6E523FC6-4B1B-4C8D-BAE4-A1E9CABA6FB3}.Debug|Any CPU.ActiveCfg = Debug|Any CPU
		{6E523FC6-4B1B-4C8D-BAE4-A1E9CABA6FB3}.Debug|Any CPU.Build.0 = Debug|Any CPU
		{6E523FC6-4B1B-4C8D-BAE4-A1E9CABA6FB3}.Release|Any CPU.ActiveCfg = Release|Any CPU
		{6E523FC6-4B1B-4C8D-BAE4-A1E9CABA6FB3}.Release|Any CPU.Build.0 = Release|Any CPU
		{05207316-B13D-49BB-BB85-2B111A03E5C5}.Debug|Any CPU.ActiveCfg = Debug|Any CPU
		{05207316-B13D-49BB-BB85-2B111A03E5C5}.Debug|Any CPU.Build.0 = Debug|Any CPU
		{05207316-B13D-49BB-BB85-2B111A03E5C5}.Release|Any CPU.ActiveCfg = Release|Any CPU
		{05207316-B13D-49BB-BB85-2B111A03E5C5}.Release|Any CPU.Build.0 = Release|Any CPU
	EndGlobalSection
	GlobalSection(SolutionProperties) = preSolution
		HideSolutionNode = FALSE
	EndGlobalSection
	GlobalSection(ExtensibilityGlobals) = postSolution
		SolutionGuid = {A3CF7CBB-6A77-4CD7-91F4-DC5F3A274699}
	EndGlobalSection
EndGlobal
